
Microsoft Visual Studio Solution File, Format Version 12.00
# Visual Studio 14
VisualStudioVersion = 14.0.25420.1
MinimumVisualStudioVersion = 10.0.40219.1
Project("{2150E333-8FDC-42A3-9474-1A3956D46DE8}") = "1. WebApp + API", "1. WebApp + API", "{2B7BB3B0-C0E9-4B2A-8757-712BD07FFA99}"
EndProject
Project("{2150E333-8FDC-42A3-9474-1A3956D46DE8}") = "2. Dominio", "2. Dominio", "{A931880B-C81E-4C11-88D0-0118815935AF}"
EndProject
Project("{2150E333-8FDC-42A3-9474-1A3956D46DE8}") = "3. Repositorio", "3. Repositorio", "{BA2623D4-C26F-43AD-BB2D-CE70266DAF38}"
EndProject
Project("{FAE04EC0-301F-11D3-BF4B-00C04F79EFBC}") = "JogoDaForca.Dominio", "JogoDaForca.Dominio\JogoDaForca.Dominio.csproj", "{9C342C22-B6A8-4242-A0EB-A6C67FB875D7}"
EndProject
Project("{FAE04EC0-301F-11D3-BF4B-00C04F79EFBC}") = "JogoDaForca.Repositorio", "JogoDaForca.Repositorio\JogoDaForca.Repositorio.csproj", "{F422F974-D432-4D30-AD4B-C22FFF1C0614}"
EndProject
Project("{FAE04EC0-301F-11D3-BF4B-00C04F79EFBC}") = "JogoDaForca", "JogoDaForca\JogoDaForca.csproj", "{69ABA6F0-136C-4BA9-AAD4-B3FB87FF32C1}"
EndProject
Global
	GlobalSection(SolutionConfigurationPlatforms) = preSolution
		Debug|Any CPU = Debug|Any CPU
		Release|Any CPU = Release|Any CPU
	EndGlobalSection
	GlobalSection(ProjectConfigurationPlatforms) = postSolution
		{9C342C22-B6A8-4242-A0EB-A6C67FB875D7}.Debug|Any CPU.ActiveCfg = Debug|Any CPU
		{9C342C22-B6A8-4242-A0EB-A6C67FB875D7}.Debug|Any CPU.Build.0 = Debug|Any CPU
		{9C342C22-B6A8-4242-A0EB-A6C67FB875D7}.Release|Any CPU.ActiveCfg = Release|Any CPU
		{9C342C22-B6A8-4242-A0EB-A6C67FB875D7}.Release|Any CPU.Build.0 = Release|Any CPU
		{F422F974-D432-4D30-AD4B-C22FFF1C0614}.Debug|Any CPU.ActiveCfg = Debug|Any CPU
		{F422F974-D432-4D30-AD4B-C22FFF1C0614}.Debug|Any CPU.Build.0 = Debug|Any CPU
		{F422F974-D432-4D30-AD4B-C22FFF1C0614}.Release|Any CPU.ActiveCfg = Release|Any CPU
		{F422F974-D432-4D30-AD4B-C22FFF1C0614}.Release|Any CPU.Build.0 = Release|Any CPU
		{69ABA6F0-136C-4BA9-AAD4-B3FB87FF32C1}.Debug|Any CPU.ActiveCfg = Debug|Any CPU
		{69ABA6F0-136C-4BA9-AAD4-B3FB87FF32C1}.Debug|Any CPU.Build.0 = Debug|Any CPU
		{69ABA6F0-136C-4BA9-AAD4-B3FB87FF32C1}.Release|Any CPU.ActiveCfg = Release|Any CPU
		{69ABA6F0-136C-4BA9-AAD4-B3FB87FF32C1}.Release|Any CPU.Build.0 = Release|Any CPU
	EndGlobalSection
	GlobalSection(SolutionProperties) = preSolution
		HideSolutionNode = FALSE
	EndGlobalSection
	GlobalSection(NestedProjects) = preSolution
		{9C342C22-B6A8-4242-A0EB-A6C67FB875D7} = {A931880B-C81E-4C11-88D0-0118815935AF}
		{F422F974-D432-4D30-AD4B-C22FFF1C0614} = {BA2623D4-C26F-43AD-BB2D-CE70266DAF38}
		{69ABA6F0-136C-4BA9-AAD4-B3FB87FF32C1} = {2B7BB3B0-C0E9-4B2A-8757-712BD07FFA99}
	EndGlobalSection
EndGlobal
